{
  "name": "vux-demo",
  "version": "1.0.0",
  "lockfileVersion": 1,
  "requires": true,
  "dependencies": {
    "vue-cordova": {
      "version": "0.1.2",
      "resolved": "https://registry.npmmirror.com/vue-cordova/-/vue-cordova-0.1.2.tgz",
      "integrity": "sha512-f1eIUaTpIIGD0rCbSWodBJuvOJn9gYhJBK/ULIS7Wj+3jUWiCCpWkC89GbiJJCmkV4VG3B/hQesDbXlpTVe0kw=="
    }
  }
}
